
Microsoft Visual Studio Solution File, Format Version 12.00
# Visual Studio 14
VisualStudioVersion = 14.0.25123.0
MinimumVisualStudioVersion = 10.0.40219.1
Project("{FAE04EC0-301F-11D3-BF4B-00C04F79EFBC}") = "FeedbotTemplate", "FeedbotTemplate\FeedbotTemplate.csproj", "{41D3382C-4B07-4725-B8A2-061FD19AC699}"
EndProject
Project("{2150E333-8FDC-42A3-9474-1A3956D46DE8}") = "PublishScripts", "PublishScripts", "{4922BA7E-784E-4A74-9C7F-282748C359ED}"
EndProject
Project("{2150E333-8FDC-42A3-9474-1A3956D46DE8}") = "Scripts", "Scripts", "{8AA27706-B84F-4F0F-92FB-E3343F26F354}"
	ProjectSection(SolutionItems) = preProject
		PublishScripts\Scripts\Deploy-AzureResourceGroup.ps1 = PublishScripts\Scripts\Deploy-AzureResourceGroup.ps1
	EndProjectSection
EndProject
Project("{2150E333-8FDC-42A3-9474-1A3956D46DE8}") = "Templates", "Templates", "{8A4D8E86-586F-4E96-898A-41C166C9860F}"
	ProjectSection(SolutionItems) = preProject
		PublishScripts\Templates\FeedbotTemplate.json = PublishScripts\Templates\FeedbotTemplate.json
		PublishScripts\Templates\FeedbotTemplate.param.dev.json = PublishScripts\Templates\FeedbotTemplate.param.dev.json
	EndProjectSection
EndProject
Global
	GlobalSection(SolutionConfigurationPlatforms) = preSolution
		Debug|Any CPU = Debug|Any CPU
		Release|Any CPU = Release|Any CPU
	EndGlobalSection
	GlobalSection(ProjectConfigurationPlatforms) = postSolution
		{41D3382C-4B07-4725-B8A2-061FD19AC699}.Debug|Any CPU.ActiveCfg = Debug|Any CPU
		{41D3382C-4B07-4725-B8A2-061FD19AC699}.Debug|Any CPU.Build.0 = Debug|Any CPU
		{41D3382C-4B07-4725-B8A2-061FD19AC699}.Release|Any CPU.ActiveCfg = Release|Any CPU
		{41D3382C-4B07-4725-B8A2-061FD19AC699}.Release|Any CPU.Build.0 = Release|Any CPU
	EndGlobalSection
	GlobalSection(SolutionProperties) = preSolution
		HideSolutionNode = FALSE
	EndGlobalSection
	GlobalSection(NestedProjects) = preSolution
		{8AA27706-B84F-4F0F-92FB-E3343F26F354} = {4922BA7E-784E-4A74-9C7F-282748C359ED}
		{8A4D8E86-586F-4E96-898A-41C166C9860F} = {4922BA7E-784E-4A74-9C7F-282748C359ED}
	EndGlobalSection
EndGlobal
